// !$*UTF8*$!
{
	archiveVersion = 1;
	classes = {
	};
	objectVersion = 50;
	objects = {

/* Begin PBXBuildFile section */
		BC3D78A125786E74002AA632 /* PlantListItem.swift in Sources */ = {isa = PBXBuildFile; fileRef = BC3D78A025786E74002AA632 /* PlantListItem.swift */; };
		BC3D78A425786F19002AA632 /* Plant.swift in Sources */ = {isa = PBXBuildFile; fileRef = BC3D78A325786F19002AA632 /* Plant.swift */; };
		BC720C5125818168001432DA /* AsyncContentView.swift in Sources */ = {isa = PBXBuildFile; fileRef = BC720C5025818168001432DA /* AsyncContentView.swift */; };
		BC720C54258181F1001432DA /* Error.swift in Sources */ = {isa = PBXBuildFile; fileRef = BC720C53258181F1001432DA /* Error.swift */; };
		BC720C582581A197001432DA /* NetworkManager.swift in Sources */ = {isa = PBXBuildFile; fileRef = BC720C572581A197001432DA /* NetworkManager.swift */; };
		BC720C5C2582D818001432DA /* SignupForm.swift in Sources */ = {isa = PBXBuildFile; fileRef = BC720C5B2582D818001432DA /* SignupForm.swift */; };
		BC720C612582EAD5001432DA /* MapKit.framework in Frameworks */ = {isa = PBXBuildFile; fileRef = BC720C602582EAD5001432DA /* MapKit.framework */; };
		BC720C632582EB0A001432DA /* HomeKit.framework in Frameworks */ = {isa = PBXBuildFile; fileRef = BC720C622582EB0A001432DA /* HomeKit.framework */; };
		BCBEE0BF2578660A007684D2 /* PlantCollectorApp.swift in Sources */ = {isa = PBXBuildFile; fileRef = BCBEE0BE2578660A007684D2 /* PlantCollectorApp.swift */; };
		BCBEE0C12578660A007684D2 /* ContentView.swift in Sources */ = {isa = PBXBuildFile; fileRef = BCBEE0C02578660A007684D2 /* ContentView.swift */; };
		BCBEE0C32578660B007684D2 /* Assets.xcassets in Resources */ = {isa = PBXBuildFile; fileRef = BCBEE0C22578660B007684D2 /* Assets.xcassets */; };
		BCBEE0C62578660B007684D2 /* Preview Assets.xcassets in Resources */ = {isa = PBXBuildFile; fileRef = BCBEE0C52578660B007684D2 /* Preview Assets.xcassets */; };
		BCBEE0D0257868A2007684D2 /* PlantList.swift in Sources */ = {isa = PBXBuildFile; fileRef = BCBEE0CF257868A2007684D2 /* PlantList.swift */; };
		BCDB437B2579830500F8185C /* RemoteImage.swift in Sources */ = {isa = PBXBuildFile; fileRef = BCDB437A2579830500F8185C /* RemoteImage.swift */; };
		BCDB437E2579AD2600F8185C /* PlantDetail.swift in Sources */ = {isa = PBXBuildFile; fileRef = BCDB437D2579AD2600F8185C /* PlantDetail.swift */; };
		BCDB43812579AE5500F8185C /* ColorManager.swift in Sources */ = {isa = PBXBuildFile; fileRef = BCDB43802579AE5500F8185C /* ColorManager.swift */; };
		BCDB43842579AE9500F8185C /* Colors.xcassets in Resources */ = {isa = PBXBuildFile; fileRef = BCDB43832579AE9500F8185C /* Colors.xcassets */; };
		BCDB4387257AB5FF00F8185C /* PlantStatistic.swift in Sources */ = {isa = PBXBuildFile; fileRef = BCDB4386257AB5FF00F8185C /* PlantStatistic.swift */; };
		D6639724979BBA32FDE68203 /* libPods-PlantCollector.a in Frameworks */ = {isa = PBXBuildFile; fileRef = BA5922F16E10B78FCD2F4B3B /* libPods-PlantCollector.a */; };
/* End PBXBuildFile section */

/* Begin PBXFileReference section */
		BA5922F16E10B78FCD2F4B3B /* libPods-PlantCollector.a */ = {isa = PBXFileReference; explicitFileType = archive.ar; includeInIndex = 0; path = "libPods-PlantCollector.a"; sourceTree = BUILT_PRODUCTS_DIR; };
		BC3D78A025786E74002AA632 /* PlantListItem.swift */ = {isa = PBXFileReference; lastKnownFileType = sourcecode.swift; path = PlantListItem.swift; sourceTree = "<group>"; };
		BC3D78A325786F19002AA632 /* Plant.swift */ = {isa = PBXFileReference; lastKnownFileType = sourcecode.swift; path = Plant.swift; sourceTree = "<group>"; };
		BC720C5025818168001432DA /* AsyncContentView.swift */ = {isa = PBXFileReference; lastKnownFileType = sourcecode.swift; path = AsyncContentView.swift; sourceTree = "<group>"; };
		BC720C53258181F1001432DA /* Error.swift */ = {isa = PBXFileReference; lastKnownFileType = sourcecode.swift; path = Error.swift; sourceTree = "<group>"; };
		BC720C572581A197001432DA /* NetworkManager.swift */ = {isa = PBXFileReference; lastKnownFileType = sourcecode.swift; path = NetworkManager.swift; sourceTree = "<group>"; };
		BC720C5B2582D818001432DA /* SignupForm.swift */ = {isa = PBXFileReference; lastKnownFileType = sourcecode.swift; path = SignupForm.swift; sourceTree = "<group>"; };
		BC720C5E2582E57B001432DA /* PlantCollector.entitlements */ = {isa = PBXFileReference; lastKnownFileType = text.plist.entitlements; path = PlantCollector.entitlements; sourceTree = "<group>"; };
		BC720C602582EAD5001432DA /* MapKit.framework */ = {isa = PBXFileReference; lastKnownFileType = wrapper.framework; name = MapKit.framework; path = System/Library/Frameworks/MapKit.framework; sourceTree = SDKROOT; };
		BC720C622582EB0A001432DA /* HomeKit.framework */ = {isa = PBXFileReference; lastKnownFileType = wrapper.framework; name = HomeKit.framework; path = System/Library/Frameworks/HomeKit.framework; sourceTree = SDKROOT; };
		BCBEE0BB2578660A007684D2 /* PlantCollector.app */ = {isa = PBXFileReference; explicitFileType = wrapper.application; includeInIndex = 0; path = PlantCollector.app; sourceTree = BUILT_PRODUCTS_DIR; };
		BCBEE0BE2578660A007684D2 /* PlantCollectorApp.swift */ = {isa = PBXFileReference; lastKnownFileType = sourcecode.swift; path = PlantCollectorApp.swift; sourceTree = "<group>"; };
		BCBEE0C02578660A007684D2 /* ContentView.swift */ = {isa = PBXFileReference; lastKnownFileType = sourcecode.swift; path = ContentView.swift; sourceTree = "<group>"; };
		BCBEE0C22578660B007684D2 /* Assets.xcassets */ = {isa = PBXFileReference; lastKnownFileType = folder.assetcatalog; path = Assets.xcassets; sourceTree = "<group>"; };
		BCBEE0C52578660B007684D2 /* Preview Assets.xcassets */ = {isa = PBXFileReference; lastKnownFileType = folder.assetcatalog; path = "Preview Assets.xcassets"; sourceTree = "<group>"; };
		BCBEE0C72578660B007684D2 /* Info.plist */ = {isa = PBXFileReference; lastKnownFileType = text.plist.xml; path = Info.plist; sourceTree = "<group>"; };
		BCBEE0CF257868A2007684D2 /* PlantList.swift */ = {isa = PBXFileReference; lastKnownFileType = sourcecode.swift; path = PlantList.swift; sourceTree = "<group>"; };
		BCDB437A2579830500F8185C /* RemoteImage.swift */ = {isa = PBXFileReference; lastKnownFileType = sourcecode.swift; path = RemoteImage.swift; sourceTree = "<group>"; };
		BCDB437D2579AD2600F8185C /* PlantDetail.swift */ = {isa = PBXFileReference; lastKnownFileType = sourcecode.swift; path = PlantDetail.swift; sourceTree = "<group>"; };
		BCDB43802579AE5500F8185C /* ColorManager.swift */ = {isa = PBXFileReference; lastKnownFileType = sourcecode.swift; path = ColorManager.swift; sourceTree = "<group>"; };
		BCDB43832579AE9500F8185C /* Colors.xcassets */ = {isa = PBXFileReference; lastKnownFileType = folder.assetcatalog; path = Colors.xcassets; sourceTree = "<group>"; };
		BCDB4386257AB5FF00F8185C /* PlantStatistic.swift */ = {isa = PBXFileReference; lastKnownFileType = sourcecode.swift; path = PlantStatistic.swift; sourceTree = "<group>"; };
		CBD07A0D19CD362E3258AC9D /* Pods-PlantCollector.release.xcconfig */ = {isa = PBXFileReference; includeInIndex = 1; lastKnownFileType = text.xcconfig; name = "Pods-PlantCollector.release.xcconfig"; path = "Target Support Files/Pods-PlantCollector/Pods-PlantCollector.release.xcconfig"; sourceTree = "<group>"; };
		F1BE8BDF506268A790239DD3 /* Pods-PlantCollector.debug.xcconfig */ = {isa = PBXFileReference; includeInIndex = 1; lastKnownFileType = text.xcconfig; name = "Pods-PlantCollector.debug.xcconfig"; path = "Target Support Files/Pods-PlantCollector/Pods-PlantCollector.debug.xcconfig"; sourceTree = "<group>"; };
/* End PBXFileReference section */

/* Begin PBXFrameworksBuildPhase section */
		BCBEE0B82578660A007684D2 /* Frameworks */ = {
			isa = PBXFrameworksBuildPhase;
			buildActionMask = 2147483647;
			files = (
				BC720C632582EB0A001432DA /* HomeKit.framework in Frameworks */,
				BC720C612582EAD5001432DA /* MapKit.framework in Frameworks */,
				D6639724979BBA32FDE68203 /* libPods-PlantCollector.a in Frameworks */,
			);
			runOnlyForDeploymentPostprocessing = 0;
		};
/* End PBXFrameworksBuildPhase section */

/* Begin PBXGroup section */
		6D6237AE3CEEE0E236D8A9E2 /* Pods */ = {
			isa = PBXGroup;
			children = (
				F1BE8BDF506268A790239DD3 /* Pods-PlantCollector.debug.xcconfig */,
				CBD07A0D19CD362E3258AC9D /* Pods-PlantCollector.release.xcconfig */,
			);
			path = Pods;
			sourceTree = "<group>";
		};
		BCBEE0B22578660A007684D2 = {
			isa = PBXGroup;
			children = (
				BCBEE0BD2578660A007684D2 /* PlantCollector */,
				BCBEE0BC2578660A007684D2 /* Products */,
				6D6237AE3CEEE0E236D8A9E2 /* Pods */,
				D223AEA762A3902C7CEB431C /* Frameworks */,
			);
			sourceTree = "<group>";
		};
		BCBEE0BC2578660A007684D2 /* Products */ = {
			isa = PBXGroup;
			children = (
				BCBEE0BB2578660A007684D2 /* PlantCollector.app */,
			);
			name = Products;
			sourceTree = "<group>";
		};
		BCBEE0BD2578660A007684D2 /* PlantCollector */ = {
			isa = PBXGroup;
			children = (
				BC720C5E2582E57B001432DA /* PlantCollector.entitlements */,
				BCBEE0C42578660B007684D2 /* Preview Content */,
				BCBEE0BE2578660A007684D2 /* PlantCollectorApp.swift */,
				BCBEE0C02578660A007684D2 /* ContentView.swift */,
				BCBEE0C72578660B007684D2 /* Info.plist */,
				BCBEE0C22578660B007684D2 /* Assets.xcassets */,
				BCDB43832579AE9500F8185C /* Colors.xcassets */,
				BCDB43802579AE5500F8185C /* ColorManager.swift */,
				BCDB437A2579830500F8185C /* RemoteImage.swift */,
				BC3D78A325786F19002AA632 /* Plant.swift */,
				BCBEE0CF257868A2007684D2 /* PlantList.swift */,
				BC3D78A025786E74002AA632 /* PlantListItem.swift */,
				BCDB437D2579AD2600F8185C /* PlantDetail.swift */,
				BCDB4386257AB5FF00F8185C /* PlantStatistic.swift */,
				BC720C5025818168001432DA /* AsyncContentView.swift */,
				BC720C53258181F1001432DA /* Error.swift */,
				BC720C572581A197001432DA /* NetworkManager.swift */,
				BC720C5B2582D818001432DA /* SignupForm.swift */,
			);
			path = PlantCollector;
			sourceTree = "<group>";
		};
		BCBEE0C42578660B007684D2 /* Preview Content */ = {
			isa = PBXGroup;
			children = (
				BCBEE0C52578660B007684D2 /* Preview Assets.xcassets */,
			);
			path = "Preview Content";
			sourceTree = "<group>";
		};
		D223AEA762A3902C7CEB431C /* Frameworks */ = {
			isa = PBXGroup;
			children = (
				BC720C622582EB0A001432DA /* HomeKit.framework */,
				BC720C602582EAD5001432DA /* MapKit.framework */,
				BA5922F16E10B78FCD2F4B3B /* libPods-PlantCollector.a */,
			);
			name = Frameworks;
			sourceTree = "<group>";
		};
/* End PBXGroup section */

/* Begin PBXNativeTarget section */
		BCBEE0BA2578660A007684D2 /* PlantCollector */ = {
			isa = PBXNativeTarget;
			buildConfigurationList = BCBEE0CA2578660B007684D2 /* Build configuration list for PBXNativeTarget "PlantCollector" */;
			buildPhases = (
				774BE6948E395003CB4002B8 /* [CP] Check Pods Manifest.lock */,
				BCBEE0B72578660A007684D2 /* Sources */,
				BCBEE0B82578660A007684D2 /* Frameworks */,
				BCBEE0B92578660A007684D2 /* Resources */,
			);
			buildRules = (
			);
			dependencies = (
			);
			name = PlantCollector;
			productName = PlantCollector;
			productReference = BCBEE0BB2578660A007684D2 /* PlantCollector.app */;
			productType = "com.apple.product-type.application";
		};
/* End PBXNativeTarget section */

/* Begin PBXProject section */
		BCBEE0B32578660A007684D2 /* Project object */ = {
			isa = PBXProject;
			attributes = {
				LastSwiftUpdateCheck = 1220;
				LastUpgradeCheck = 1220;
				TargetAttributes = {
					BCBEE0BA2578660A007684D2 = {
						CreatedOnToolsVersion = 12.2;
					};
				};
			};
			buildConfigurationList = BCBEE0B62578660A007684D2 /* Build configuration list for PBXProject "PlantCollector" */;
			compatibilityVersion = "Xcode 9.3";
			developmentRegion = en;
			hasScannedForEncodings = 0;
			knownRegions = (
				en,
				Base,
			);
			mainGroup = BCBEE0B22578660A007684D2;
			productRefGroup = BCBEE0BC2578660A007684D2 /* Products */;
			projectDirPath = "";
			projectRoot = "";
			targets = (
				BCBEE0BA2578660A007684D2 /* PlantCollector */,
			);
		};
/* End PBXProject section */

/* Begin PBXResourcesBuildPhase section */
		BCBEE0B92578660A007684D2 /* Resources */ = {
			isa = PBXResourcesBuildPhase;
			buildActionMask = 2147483647;
			files = (
				BCDB43842579AE9500F8185C /* Colors.xcassets in Resources */,
				BCBEE0C62578660B007684D2 /* Preview Assets.xcassets in Resources */,
				BCBEE0C32578660B007684D2 /* Assets.xcassets in Resources */,
			);
			runOnlyForDeploymentPostprocessing = 0;
		};
/* End PBXResourcesBuildPhase section */

/* Begin PBXShellScriptBuildPhase section */
		774BE6948E395003CB4002B8 /* [CP] Check Pods Manifest.lock */ = {
			isa = PBXShellScriptBuildPhase;
			buildActionMask = 2147483647;
			files = (
			);
			inputFileListPaths = (
			);
			inputPaths = (
				"${PODS_PODFILE_DIR_PATH}/Podfile.lock",
				"${PODS_ROOT}/Manifest.lock",
			);
			name = "[CP] Check Pods Manifest.lock";
			outputFileListPaths = (
			);
			outputPaths = (
				"$(DERIVED_FILE_DIR)/Pods-PlantCollector-checkManifestLockResult.txt",
			);
			runOnlyForDeploymentPostprocessing = 0;
			shellPath = /bin/sh;
			shellScript = "diff \"${PODS_PODFILE_DIR_PATH}/Podfile.lock\" \"${PODS_ROOT}/Manifest.lock\" > /dev/null\nif [ $? != 0 ] ; then\n    # print error to STDERR\n    echo \"error: The sandbox is not in sync with the Podfile.lock. Run 'pod install' or update your CocoaPods installation.\" >&2\n    exit 1\nfi\n# This output is used by Xcode 'outputs' to avoid re-running this script phase.\necho \"SUCCESS\" > \"${SCRIPT_OUTPUT_FILE_0}\"\n";
			showEnvVarsInLog = 0;
		};
/* End PBXShellScriptBuildPhase section */

/* Begin PBXSourcesBuildPhase section */
		BCBEE0B72578660A007684D2 /* Sources */ = {
			isa = PBXSourcesBuildPhase;
			buildActionMask = 2147483647;
			files = (
				BCDB4387257AB5FF00F8185C /* PlantStatistic.swift in Sources */,
				BC3D78A125786E74002AA632 /* PlantListItem.swift in Sources */,
				BCBEE0C12578660A007684D2 /* ContentView.swift in Sources */,
				BC3D78A425786F19002AA632 /* Plant.swift in Sources */,
				BC720C582581A197001432DA /* NetworkManager.swift in Sources */,
				BCDB437B2579830500F8185C /* RemoteImage.swift in Sources */,
				BCBEE0D0257868A2007684D2 /* PlantList.swift in Sources */,
				BCDB437E2579AD2600F8185C /* PlantDetail.swift in Sources */,
				BC720C5C2582D818001432DA /* SignupForm.swift in Sources */,
				BCBEE0BF2578660A007684D2 /* PlantCollectorApp.swift in Sources */,
				BCDB43812579AE5500F8185C /* ColorManager.swift in Sources */,
				BC720C5125818168001432DA /* AsyncContentView.swift in Sources */,
				BC720C54258181F1001432DA /* Error.swift in Sources */,
			);
			runOnlyForDeploymentPostprocessing = 0;
		};
/* End PBXSourcesBuildPhase section */

/* Begin XCBuildConfiguration section */
		BCBEE0C82578660B007684D2 /* Debug */ = {
			isa = XCBuildConfiguration;
			buildSettings = {
				ALWAYS_SEARCH_USER_PATHS = NO;
				CLANG_ANALYZER_NONNULL = YES;
				CLANG_ANALYZER_NUMBER_OBJECT_CONVERSION = YES_AGGRESSIVE;
				CLANG_CXX_LANGUAGE_STANDARD = "gnu++14";
				CLANG_CXX_LIBRARY = "libc++";
				CLANG_ENABLE_MODULES = YES;
				CLANG_ENABLE_OBJC_ARC = YES;
				CLANG_ENABLE_OBJC_WEAK = YES;
				CLANG_WARN_BLOCK_CAPTURE_AUTORELEASING = YES;
				CLANG_WARN_BOOL_CONVERSION = YES;
				CLANG_WARN_COMMA = YES;
				CLANG_WARN_CONSTANT_CONVERSION = YES;
				CLANG_WARN_DEPRECATED_OBJC_IMPLEMENTATIONS = YES;
				CLANG_WARN_DIRECT_OBJC_ISA_USAGE = YES_ERROR;
				CLANG_WARN_DOCUMENTATION_COMMENTS = YES;
				CLANG_WARN_EMPTY_BODY = YES;
				CLANG_WARN_ENUM_CONVERSION = YES;
				CLANG_WARN_INFINITE_RECURSION = YES;
				CLANG_WARN_INT_CONVERSION = YES;
				CLANG_WARN_NON_LITERAL_NULL_CONVERSION = YES;
				CLANG_WARN_OBJC_IMPLICIT_RETAIN_SELF = YES;
				CLANG_WARN_OBJC_LITERAL_CONVERSION = YES;
				CLANG_WARN_OBJC_ROOT_CLASS = YES_ERROR;
				CLANG_WARN_QUOTED_INCLUDE_IN_FRAMEWORK_HEADER = YES;
				CLANG_WARN_RANGE_LOOP_ANALYSIS = YES;
				CLANG_WARN_STRICT_PROTOTYPES = YES;
				CLANG_WARN_SUSPICIOUS_MOVE = YES;
				CLANG_WARN_UNGUARDED_AVAILABILITY = YES_AGGRESSIVE;
				CLANG_WARN_UNREACHABLE_CODE = YES;
				CLANG_WARN__DUPLICATE_METHOD_MATCH = YES;
				COPY_PHASE_STRIP = NO;
				DEBUG_INFORMATION_FORMAT = dwarf;
				ENABLE_STRICT_OBJC_MSGSEND = YES;
				ENABLE_TESTABILITY = YES;
				GCC_C_LANGUAGE_STANDARD = gnu11;
				GCC_DYNAMIC_NO_PIC = NO;
				GCC_NO_COMMON_BLOCKS = YES;
				GCC_OPTIMIZATION_LEVEL = 0;
				GCC_PREPROCESSOR_DEFINITIONS = (
					"DEBUG=1",
					"$(inherited)",
				);
				GCC_WARN_64_TO_32_BIT_CONVERSION = YES;
				GCC_WARN_ABOUT_RETURN_TYPE = YES_ERROR;
				GCC_WARN_UNDECLARED_SELECTOR = YES;
				GCC_WARN_UNINITIALIZED_AUTOS = YES_AGGRESSIVE;
				GCC_WARN_UNUSED_FUNCTION = YES;
				GCC_WARN_UNUSED_VARIABLE = YES;
				IPHONEOS_DEPLOYMENT_TARGET = 14.2;
				MTL_ENABLE_DEBUG_INFO = INCLUDE_SOURCE;
				MTL_FAST_MATH = YES;
				ONLY_ACTIVE_ARCH = YES;
				SDKROOT = iphoneos;
				SWIFT_ACTIVE_COMPILATION_CONDITIONS = DEBUG;
				SWIFT_OPTIMIZATION_LEVEL = "-Onone";
			};
			name = Debug;
		};
		BCBEE0C92578660B007684D2 /* Release */ = {
			isa = XCBuildConfiguration;
			buildSettings = {
				ALWAYS_SEARCH_USER_PATHS = NO;
				CLANG_ANALYZER_NONNULL = YES;
				CLANG_ANALYZER_NUMBER_OBJECT_CONVERSION = YES_AGGRESSIVE;
				CLANG_CXX_LANGUAGE_STANDARD = "gnu++14";
				CLANG_CXX_LIBRARY = "libc++";
				CLANG_ENABLE_MODULES = YES;
				CLANG_ENABLE_OBJC_ARC = YES;
				CLANG_ENABLE_OBJC_WEAK = YES;
				CLANG_WARN_BLOCK_CAPTURE_AUTORELEASING = YES;
				CLANG_WARN_BOOL_CONVERSION = YES;
				CLANG_WARN_COMMA = YES;
				CLANG_WARN_CONSTANT_CONVERSION = YES;
				CLANG_WARN_DEPRECATED_OBJC_IMPLEMENTATIONS = YES;
				CLANG_WARN_DIRECT_OBJC_ISA_USAGE = YES_ERROR;
				CLANG_WARN_DOCUMENTATION_COMMENTS = YES;
				CLANG_WARN_EMPTY_BODY = YES;
				CLANG_WARN_ENUM_CONVERSION = YES;
				CLANG_WARN_INFINITE_RECURSION = YES;
				CLANG_WARN_INT_CONVERSION = YES;
				CLANG_WARN_NON_LITERAL_NULL_CONVERSION = YES;
				CLANG_WARN_OBJC_IMPLICIT_RETAIN_SELF = YES;
				CLANG_WARN_OBJC_LITERAL_CONVERSION = YES;
				CLANG_WARN_OBJC_ROOT_CLASS = YES_ERROR;
				CLANG_WARN_QUOTED_INCLUDE_IN_FRAMEWORK_HEADER = YES;
				CLANG_WARN_RANGE_LOOP_ANALYSIS = YES;
				CLANG_WARN_STRICT_PROTOTYPES = YES;
				CLANG_WARN_SUSPICIOUS_MOVE = YES;
				CLANG_WARN_UNGUARDED_AVAILABILITY = YES_AGGRESSIVE;
				CLANG_WARN_UNREACHABLE_CODE = YES;
				CLANG_WARN__DUPLICATE_METHOD_MATCH = YES;
				COPY_PHASE_STRIP = NO;
				DEBUG_INFORMATION_FORMAT = "dwarf-with-dsym";
				ENABLE_NS_ASSERTIONS = NO;
				ENABLE_STRICT_OBJC_MSGSEND = YES;
				GCC_C_LANGUAGE_STANDARD = gnu11;
				GCC_NO_COMMON_BLOCKS = YES;
				GCC_WARN_64_TO_32_BIT_CONVERSION = YES;
				GCC_WARN_ABOUT_RETURN_TYPE = YES_ERROR;
				GCC_WARN_UNDECLARED_SELECTOR = YES;
				GCC_WARN_UNINITIALIZED_AUTOS = YES_AGGRESSIVE;
				GCC_WARN_UNUSED_FUNCTION = YES;
				GCC_WARN_UNUSED_VARIABLE = YES;
				IPHONEOS_DEPLOYMENT_TARGET = 14.2;
				MTL_ENABLE_DEBUG_INFO = NO;
				MTL_FAST_MATH = YES;
				SDKROOT = iphoneos;
				SWIFT_COMPILATION_MODE = wholemodule;
				SWIFT_OPTIMIZATION_LEVEL = "-O";
				VALIDATE_PRODUCT = YES;
			};
			name = Release;
		};
		BCBEE0CB2578660B007684D2 /* Debug */ = {
			isa = XCBuildConfiguration;
			baseConfigurationReference = F1BE8BDF506268A790239DD3 /* Pods-PlantCollector.debug.xcconfig */;
			buildSettings = {
				ASSETCATALOG_COMPILER_APPICON_NAME = AppIcon;
				ASSETCATALOG_COMPILER_GLOBAL_ACCENT_COLOR_NAME = AccentColor;
				CODE_SIGN_ENTITLEMENTS = PlantCollector/PlantCollector.entitlements;
				CODE_SIGN_STYLE = Automatic;
				DEVELOPMENT_ASSET_PATHS = "\"PlantCollector/Preview Content\"";
				DEVELOPMENT_TEAM = 378FXZ77Z6;
				ENABLE_PREVIEWS = YES;
				INFOPLIST_FILE = PlantCollector/Info.plist;
				IPHONEOS_DEPLOYMENT_TARGET = 14.0;
				LD_RUNPATH_SEARCH_PATHS = (
					"$(inherited)",
					"@executable_path/Frameworks",
				);
				PRODUCT_BUNDLE_IDENTIFIER = lemon.PlantCollector;
				PRODUCT_NAME = "$(TARGET_NAME)";
				SWIFT_VERSION = 5.0;
				TARGETED_DEVICE_FAMILY = "1,2";
			};
			name = Debug;
		};
		BCBEE0CC2578660B007684D2 /* Release */ = {
			isa = XCBuildConfiguration;
			baseConfigurationReference = CBD07A0D19CD362E3258AC9D /* Pods-PlantCollector.release.xcconfig */;
			buildSettings = {
				ASSETCATALOG_COMPILER_APPICON_NAME = AppIcon;
				ASSETCATALOG_COMPILER_GLOBAL_ACCENT_COLOR_NAME = AccentColor;
				CODE_SIGN_ENTITLEMENTS = PlantCollector/PlantCollector.entitlements;
				CODE_SIGN_STYLE = Automatic;
				DEVELOPMENT_ASSET_PATHS = "\"PlantCollector/Preview Content\"";
				DEVELOPMENT_TEAM = 378FXZ77Z6;
				ENABLE_PREVIEWS = YES;
				INFOPLIST_FILE = PlantCollector/Info.plist;
				IPHONEOS_DEPLOYMENT_TARGET = 14.0;
				LD_RUNPATH_SEARCH_PATHS = (
					"$(inherited)",
					"@executable_path/Frameworks",
				);
				PRODUCT_BUNDLE_IDENTIFIER = lemon.PlantCollector;
				PRODUCT_NAME = "$(TARGET_NAME)";
				SWIFT_VERSION = 5.0;
				TARGETED_DEVICE_FAMILY = "1,2";
			};
			name = Release;
		};
/* End XCBuildConfiguration section */

/* Begin XCConfigurationList section */
		BCBEE0B62578660A007684D2 /* Build configuration list for PBXProject "PlantCollector" */ = {
			isa = XCConfigurationList;
			buildConfigurations = (
				BCBEE0C82578660B007684D2 /* Debug */,
				BCBEE0C92578660B007684D2 /* Release */,
			);
			defaultConfigurationIsVisible = 0;
			defaultConfigurationName = Release;
		};
		BCBEE0CA2578660B007684D2 /* Build configuration list for PBXNativeTarget "PlantCollector" */ = {
			isa = XCConfigurationList;
			buildConfigurations = (
				BCBEE0CB2578660B007684D2 /* Debug */,
				BCBEE0CC2578660B007684D2 /* Release */,
			);
			defaultConfigurationIsVisible = 0;
			defaultConfigurationName = Release;
		};
/* End XCConfigurationList section */
	};
	rootObject = BCBEE0B32578660A007684D2 /* Project object */;
}
